
Microsoft Visual Studio Solution File, Format Version 12.00
# Visual Studio Version 17
VisualStudioVersion = 17.3.32929.385
MinimumVisualStudioVersion = 10.0.40219.1
Project("{FAE04EC0-301F-11D3-BF4B-00C04F79EFBC}") = "VehicleCalculator", "VehicleCalculator\VehicleCalculator.csproj", "{FF70DCD7-10C1-403A-834C-A9C1C2E9DD17}"
EndProject
Global
	GlobalSection(SolutionConfigurationPlatforms) = preSolution
		Debug|Any CPU = Debug|Any CPU
		Release|Any CPU = Release|Any CPU
	EndGlobalSection
	GlobalSection(ProjectConfigurationPlatforms) = postSolution
		{FF70DCD7-10C1-403A-834C-A9C1C2E9DD17}.Debug|Any CPU.ActiveCfg = Debug|Any CPU
		{FF70DCD7-10C1-403A-834C-A9C1C2E9DD17}.Debug|Any CPU.Build.0 = Debug|Any CPU
		{FF70DCD7-10C1-403A-834C-A9C1C2E9DD17}.Release|Any CPU.ActiveCfg = Release|Any CPU
		{FF70DCD7-10C1-403A-834C-A9C1C2E9DD17}.Release|Any CPU.Build.0 = Release|Any CPU
	EndGlobalSection
	GlobalSection(SolutionProperties) = preSolution
		HideSolutionNode = FALSE
	EndGlobalSection
	GlobalSection(ExtensibilityGlobals) = postSolution
		SolutionGuid = {EC487C5D-CE23-4A24-A5C7-49D11D07BCE4}
	EndGlobalSection
EndGlobal
